// !$*UTF8*$!
{
	archiveVersion = 1;
	classes = {
	};
	objectVersion = 50;
	objects = {

/* Begin PBXBuildFile section */
		2506E07D2528D90D001AD9AD /* TerminalTestTests.swift in Sources */ = {isa = PBXBuildFile; fileRef = 2506E07C2528D90D001AD9AD /* TerminalTestTests.swift */; };
		255305AD2528CBB8001CC72E /* AppDelegate.swift in Sources */ = {isa = PBXBuildFile; fileRef = 255305AC2528CBB8001CC72E /* AppDelegate.swift */; };
		255305AF2528CBB8001CC72E /* SceneDelegate.swift in Sources */ = {isa = PBXBuildFile; fileRef = 255305AE2528CBB8001CC72E /* SceneDelegate.swift */; };
		255305B12528CBB8001CC72E /* ViewController.swift in Sources */ = {isa = PBXBuildFile; fileRef = 255305B02528CBB8001CC72E /* ViewController.swift */; };
		255305B42528CBB8001CC72E /* Main.storyboard in Resources */ = {isa = PBXBuildFile; fileRef = 255305B22528CBB8001CC72E /* Main.storyboard */; };
		255305B62528CBB9001CC72E /* Assets.xcassets in Resources */ = {isa = PBXBuildFile; fileRef = 255305B52528CBB9001CC72E /* Assets.xcassets */; };
		255305B92528CBB9001CC72E /* LaunchScreen.storyboard in Resources */ = {isa = PBXBuildFile; fileRef = 255305B72528CBB9001CC72E /* LaunchScreen.storyboard */; };
/* End PBXBuildFile section */

/* Begin PBXContainerItemProxy section */
		2506E07F2528D90D001AD9AD /* PBXContainerItemProxy */ = {
			isa = PBXContainerItemProxy;
			containerPortal = 255305A12528CBB8001CC72E /* Project object */;
			proxyType = 1;
			remoteGlobalIDString = 255305A82528CBB8001CC72E;
			remoteInfo = TerminalTest;
		};
/* End PBXContainerItemProxy section */

/* Begin PBXFileReference section */
		2506E07A2528D90D001AD9AD /* TerminalTestTests.xctest */ = {isa = PBXFileReference; explicitFileType = wrapper.cfbundle; includeInIndex = 0; path = TerminalTestTests.xctest; sourceTree = BUILT_PRODUCTS_DIR; };
		2506E07C2528D90D001AD9AD /* TerminalTestTests.swift */ = {isa = PBXFileReference; lastKnownFileType = sourcecode.swift; path = TerminalTestTests.swift; sourceTree = "<group>"; };
		2506E07E2528D90D001AD9AD /* Info.plist */ = {isa = PBXFileReference; lastKnownFileType = text.plist.xml; path = Info.plist; sourceTree = "<group>"; };
		255305A92528CBB8001CC72E /* TerminalTest.app */ = {isa = PBXFileReference; explicitFileType = wrapper.application; includeInIndex = 0; path = TerminalTest.app; sourceTree = BUILT_PRODUCTS_DIR; };
		255305AC2528CBB8001CC72E /* AppDelegate.swift */ = {isa = PBXFileReference; lastKnownFileType = sourcecode.swift; path = AppDelegate.swift; sourceTree = "<group>"; };
		255305AE2528CBB8001CC72E /* SceneDelegate.swift */ = {isa = PBXFileReference; lastKnownFileType = sourcecode.swift; path = SceneDelegate.swift; sourceTree = "<group>"; };
		255305B02528CBB8001CC72E /* ViewController.swift */ = {isa = PBXFileReference; lastKnownFileType = sourcecode.swift; path = ViewController.swift; sourceTree = "<group>"; };
		255305B32528CBB8001CC72E /* Base */ = {isa = PBXFileReference; lastKnownFileType = file.storyboard; name = Base; path = Base.lproj/Main.storyboard; sourceTree = "<group>"; };
		255305B52528CBB9001CC72E /* Assets.xcassets */ = {isa = PBXFileReference; lastKnownFileType = folder.assetcatalog; path = Assets.xcassets; sourceTree = "<group>"; };
		255305B82528CBB9001CC72E /* Base */ = {isa = PBXFileReference; lastKnownFileType = file.storyboard; name = Base; path = Base.lproj/LaunchScreen.storyboard; sourceTree = "<group>"; };
		255305BA2528CBB9001CC72E /* Info.plist */ = {isa = PBXFileReference; lastKnownFileType = text.plist.xml; path = Info.plist; sourceTree = "<group>"; };
/* End PBXFileReference section */

/* Begin PBXFrameworksBuildPhase section */
		2506E0772528D90D001AD9AD /* Frameworks */ = {
			isa = PBXFrameworksBuildPhase;
			buildActionMask = 2147483647;
			files = (
			);
			runOnlyForDeploymentPostprocessing = 0;
		};
		255305A62528CBB8001CC72E /* Frameworks */ = {
			isa = PBXFrameworksBuildPhase;
			buildActionMask = 2147483647;
			files = (
			);
			runOnlyForDeploymentPostprocessing = 0;
		};
/* End PBXFrameworksBuildPhase section */

/* Begin PBXGroup section */
		2506E07B2528D90D001AD9AD /* TerminalTestTests */ = {
			isa = PBXGroup;
			children = (
				2506E07C2528D90D001AD9AD /* TerminalTestTests.swift */,
				2506E07E2528D90D001AD9AD /* Info.plist */,
			);
			path = TerminalTestTests;
			sourceTree = "<group>";
		};
		255305A02528CBB8001CC72E = {
			isa = PBXGroup;
			children = (
				255305AB2528CBB8001CC72E /* TerminalTest */,
				2506E07B2528D90D001AD9AD /* TerminalTestTests */,
				255305AA2528CBB8001CC72E /* Products */,
			);
			sourceTree = "<group>";
		};
		255305AA2528CBB8001CC72E /* Products */ = {
			isa = PBXGroup;
			children = (
				255305A92528CBB8001CC72E /* TerminalTest.app */,
				2506E07A2528D90D001AD9AD /* TerminalTestTests.xctest */,
			);
			name = Products;
			sourceTree = "<group>";
		};
		255305AB2528CBB8001CC72E /* TerminalTest */ = {
			isa = PBXGroup;
			children = (
				255305AC2528CBB8001CC72E /* AppDelegate.swift */,
				255305AE2528CBB8001CC72E /* SceneDelegate.swift */,
				255305B02528CBB8001CC72E /* ViewController.swift */,
				255305B22528CBB8001CC72E /* Main.storyboard */,
				255305B52528CBB9001CC72E /* Assets.xcassets */,
				255305B72528CBB9001CC72E /* LaunchScreen.storyboard */,
				255305BA2528CBB9001CC72E /* Info.plist */,
			);
			path = TerminalTest;
			sourceTree = "<group>";
		};
/* End PBXGroup section */

/* Begin PBXNativeTarget section */
		2506E0792528D90D001AD9AD /* TerminalTestTests */ = {
			isa = PBXNativeTarget;
			buildConfigurationList = 2506E0832528D90D001AD9AD /* Build configuration list for PBXNativeTarget "TerminalTestTests" */;
			buildPhases = (
				2506E0762528D90D001AD9AD /* Sources */,
				2506E0772528D90D001AD9AD /* Frameworks */,
				2506E0782528D90D001AD9AD /* Resources */,
			);
			buildRules = (
			);
			dependencies = (
				2506E0802528D90D001AD9AD /* PBXTargetDependency */,
			);
			name = TerminalTestTests;
			productName = TerminalTestTests;
			productReference = 2506E07A2528D90D001AD9AD /* TerminalTestTests.xctest */;
			productType = "com.apple.product-type.bundle.unit-test";
		};
		255305A82528CBB8001CC72E /* TerminalTest */ = {
			isa = PBXNativeTarget;
			buildConfigurationList = 255305BD2528CBB9001CC72E /* Build configuration list for PBXNativeTarget "TerminalTest" */;
			buildPhases = (
				255305A52528CBB8001CC72E /* Sources */,
				255305A62528CBB8001CC72E /* Frameworks */,
				255305A72528CBB8001CC72E /* Resources */,
			);
			buildRules = (
			);
			dependencies = (
			);
			name = TerminalTest;
			productName = TerminalTest;
			productReference = 255305A92528CBB8001CC72E /* TerminalTest.app */;
			productType = "com.apple.product-type.application";
		};
/* End PBXNativeTarget section */

/* Begin PBXProject section */
		255305A12528CBB8001CC72E /* Project object */ = {
			isa = PBXProject;
			attributes = {
				LastSwiftUpdateCheck = 1200;
				LastUpgradeCheck = 1200;
				TargetAttributes = {
					2506E0792528D90D001AD9AD = {
						CreatedOnToolsVersion = 12.0;
						TestTargetID = 255305A82528CBB8001CC72E;
					};
					255305A82528CBB8001CC72E = {
						CreatedOnToolsVersion = 12.0;
					};
				};
			};
			buildConfigurationList = 255305A42528CBB8001CC72E /* Build configuration list for PBXProject "TerminalTest" */;
			compatibilityVersion = "Xcode 9.3";
			developmentRegion = en;
			hasScannedForEncodings = 0;
			knownRegions = (
				en,
				Base,
			);
			mainGroup = 255305A02528CBB8001CC72E;
			productRefGroup = 255305AA2528CBB8001CC72E /* Products */;
			projectDirPath = "";
			projectRoot = "";
			targets = (
				255305A82528CBB8001CC72E /* TerminalTest */,
				2506E0792528D90D001AD9AD /* TerminalTestTests */,
			);
		};
/* End PBXProject section */

/* Begin PBXResourcesBuildPhase section */
		2506E0782528D90D001AD9AD /* Resources */ = {
			isa = PBXResourcesBuildPhase;
			buildActionMask = 2147483647;
			files = (
			);
			runOnlyForDeploymentPostprocessing = 0;
		};
		255305A72528CBB8001CC72E /* Resources */ = {
			isa = PBXResourcesBuildPhase;
			buildActionMask = 2147483647;
			files = (
				255305B92528CBB9001CC72E /* LaunchScreen.storyboard in Resources */,
				255305B62528CBB9001CC72E /* Assets.xcassets in Resources */,
				255305B42528CBB8001CC72E /* Main.storyboard in Resources */,
			);
			runOnlyForDeploymentPostprocessing = 0;
		};
/* End PBXResourcesBuildPhase section */

/* Begin PBXSourcesBuildPhase section */
		2506E0762528D90D001AD9AD /* Sources */ = {
			isa = PBXSourcesBuildPhase;
			buildActionMask = 2147483647;
			files = (
				2506E07D2528D90D001AD9AD /* TerminalTestTests.swift in Sources */,
			);
			runOnlyForDeploymentPostprocessing = 0;
		};
		255305A52528CBB8001CC72E /* Sources */ = {
			isa = PBXSourcesBuildPhase;
			buildActionMask = 2147483647;
			files = (
				255305B12528CBB8001CC72E /* ViewController.swift in Sources */,
				255305AD2528CBB8001CC72E /* AppDelegate.swift in Sources */,
				255305AF2528CBB8001CC72E /* SceneDelegate.swift in Sources */,
			);
			runOnlyForDeploymentPostprocessing = 0;
		};
/* End PBXSourcesBuildPhase section */

/* Begin PBXTargetDependency section */
		2506E0802528D90D001AD9AD /* PBXTargetDependency */ = {
			isa = PBXTargetDependency;
			target = 255305A82528CBB8001CC72E /* TerminalTest */;
			targetProxy = 2506E07F2528D90D001AD9AD /* PBXContainerItemProxy */;
		};
/* End PBXTargetDependency section */

/* Begin PBXVariantGroup section */
		255305B22528CBB8001CC72E /* Main.storyboard */ = {
			isa = PBXVariantGroup;
			children = (
				255305B32528CBB8001CC72E /* Base */,
			);
			name = Main.storyboard;
			sourceTree = "<group>";
		};
		255305B72528CBB9001CC72E /* LaunchScreen.storyboard */ = {
			isa = PBXVariantGroup;
			children = (
				255305B82528CBB9001CC72E /* Base */,
			);
			name = LaunchScreen.storyboard;
			sourceTree = "<group>";
		};
/* End PBXVariantGroup section */

/* Begin XCBuildConfiguration section */
		2506E0812528D90D001AD9AD /* Debug */ = {
			isa = XCBuildConfiguration;
			buildSettings = {
				BUNDLE_LOADER = "$(TEST_HOST)";
				CODE_SIGN_STYLE = Automatic;
				DEVELOPMENT_TEAM = J9KY5Z2V8M;
				INFOPLIST_FILE = TerminalTestTests/Info.plist;
				LD_RUNPATH_SEARCH_PATHS = (
					"$(inherited)",
					"@executable_path/Frameworks",
					"@loader_path/Frameworks",
				);
				PRODUCT_BUNDLE_IDENTIFIER = com.karthik.TerminalTestTests;
				PRODUCT_NAME = "$(TARGET_NAME)";
				SWIFT_VERSION = 5.0;
				TARGETED_DEVICE_FAMILY = "1,2";
				TEST_HOST = "$(BUILT_PRODUCTS_DIR)/TerminalTest.app/TerminalTest";
			};
			name = Debug;
		};
		2506E0822528D90D001AD9AD /* Release */ = {
			isa = XCBuildConfiguration;
			buildSettings = {
				BUNDLE_LOADER = "$(TEST_HOST)";
				CODE_SIGN_STYLE = Automatic;
				DEVELOPMENT_TEAM = J9KY5Z2V8M;
				INFOPLIST_FILE = TerminalTestTests/Info.plist;
				LD_RUNPATH_SEARCH_PATHS = (
					"$(inherited)",
					"@executable_path/Frameworks",
					"@loader_path/Frameworks",
				);
				PRODUCT_BUNDLE_IDENTIFIER = com.karthik.TerminalTestTests;
				PRODUCT_NAME = "$(TARGET_NAME)";
				SWIFT_VERSION = 5.0;
				TARGETED_DEVICE_FAMILY = "1,2";
				TEST_HOST = "$(BUILT_PRODUCTS_DIR)/TerminalTest.app/TerminalTest";
			};
			name = Release;
		};
		255305BB2528CBB9001CC72E /* Debug */ = {
			isa = XCBuildConfiguration;
			buildSettings = {
				ALWAYS_SEARCH_USER_PATHS = NO;
				CLANG_ANALYZER_NONNULL = YES;
				CLANG_ANALYZER_NUMBER_OBJECT_CONVERSION = YES_AGGRESSIVE;
				CLANG_CXX_LANGUAGE_STANDARD = "gnu++14";
				CLANG_CXX_LIBRARY = "libc++";
				CLANG_ENABLE_MODULES = YES;
				CLANG_ENABLE_OBJC_ARC = YES;
				CLANG_ENABLE_OBJC_WEAK = YES;
				CLANG_WARN_BLOCK_CAPTURE_AUTORELEASING = YES;
				CLANG_WARN_BOOL_CONVERSION = YES;
				CLANG_WARN_COMMA = YES;
				CLANG_WARN_CONSTANT_CONVERSION = YES;
				CLANG_WARN_DEPRECATED_OBJC_IMPLEMENTATIONS = YES;
				CLANG_WARN_DIRECT_OBJC_ISA_USAGE = YES_ERROR;
				CLANG_WARN_DOCUMENTATION_COMMENTS = YES;
				CLANG_WARN_EMPTY_BODY = YES;
				CLANG_WARN_ENUM_CONVERSION = YES;
				CLANG_WARN_INFINITE_RECURSION = YES;
				CLANG_WARN_INT_CONVERSION = YES;
				CLANG_WARN_NON_LITERAL_NULL_CONVERSION = YES;
				CLANG_WARN_OBJC_IMPLICIT_RETAIN_SELF = YES;
				CLANG_WARN_OBJC_LITERAL_CONVERSION = YES;
				CLANG_WARN_OBJC_ROOT_CLASS = YES_ERROR;
				CLANG_WARN_QUOTED_INCLUDE_IN_FRAMEWORK_HEADER = YES;
				CLANG_WARN_RANGE_LOOP_ANALYSIS = YES;
				CLANG_WARN_STRICT_PROTOTYPES = YES;
				CLANG_WARN_SUSPICIOUS_MOVE = YES;
				CLANG_WARN_UNGUARDED_AVAILABILITY = YES_AGGRESSIVE;
				CLANG_WARN_UNREACHABLE_CODE = YES;
				CLANG_WARN__DUPLICATE_METHOD_MATCH = YES;
				COPY_PHASE_STRIP = NO;
				DEBUG_INFORMATION_FORMAT = dwarf;
				ENABLE_STRICT_OBJC_MSGSEND = YES;
				ENABLE_TESTABILITY = YES;
				GCC_C_LANGUAGE_STANDARD = gnu11;
				GCC_DYNAMIC_NO_PIC = NO;
				GCC_NO_COMMON_BLOCKS = YES;
				GCC_OPTIMIZATION_LEVEL = 0;
				GCC_PREPROCESSOR_DEFINITIONS = (
					"DEBUG=1",
					"$(inherited)",
				);
				GCC_WARN_64_TO_32_BIT_CONVERSION = YES;
				GCC_WARN_ABOUT_RETURN_TYPE = YES_ERROR;
				GCC_WARN_UNDECLARED_SELECTOR = YES;
				GCC_WARN_UNINITIALIZED_AUTOS = YES_AGGRESSIVE;
				GCC_WARN_UNUSED_FUNCTION = YES;
				GCC_WARN_UNUSED_VARIABLE = YES;
				IPHONEOS_DEPLOYMENT_TARGET = 14.0;
				MTL_ENABLE_DEBUG_INFO = INCLUDE_SOURCE;
				MTL_FAST_MATH = YES;
				ONLY_ACTIVE_ARCH = YES;
				SDKROOT = iphoneos;
				SWIFT_ACTIVE_COMPILATION_CONDITIONS = DEBUG;
				SWIFT_OPTIMIZATION_LEVEL = "-Onone";
			};
			name = Debug;
		};
		255305BC2528CBB9001CC72E /* Release */ = {
			isa = XCBuildConfiguration;
			buildSettings = {
				ALWAYS_SEARCH_USER_PATHS = NO;
				CLANG_ANALYZER_NONNULL = YES;
				CLANG_ANALYZER_NUMBER_OBJECT_CONVERSION = YES_AGGRESSIVE;
				CLANG_CXX_LANGUAGE_STANDARD = "gnu++14";
				CLANG_CXX_LIBRARY = "libc++";
				CLANG_ENABLE_MODULES = YES;
				CLANG_ENABLE_OBJC_ARC = YES;
				CLANG_ENABLE_OBJC_WEAK = YES;
				CLANG_WARN_BLOCK_CAPTURE_AUTORELEASING = YES;
				CLANG_WARN_BOOL_CONVERSION = YES;
				CLANG_WARN_COMMA = YES;
				CLANG_WARN_CONSTANT_CONVERSION = YES;
				CLANG_WARN_DEPRECATED_OBJC_IMPLEMENTATIONS = YES;
				CLANG_WARN_DIRECT_OBJC_ISA_USAGE = YES_ERROR;
				CLANG_WARN_DOCUMENTATION_COMMENTS = YES;
				CLANG_WARN_EMPTY_BODY = YES;
				CLANG_WARN_ENUM_CONVERSION = YES;
				CLANG_WARN_INFINITE_RECURSION = YES;
				CLANG_WARN_INT_CONVERSION = YES;
				CLANG_WARN_NON_LITERAL_NULL_CONVERSION = YES;
				CLANG_WARN_OBJC_IMPLICIT_RETAIN_SELF = YES;
				CLANG_WARN_OBJC_LITERAL_CONVERSION = YES;
				CLANG_WARN_OBJC_ROOT_CLASS = YES_ERROR;
				CLANG_WARN_QUOTED_INCLUDE_IN_FRAMEWORK_HEADER = YES;
				CLANG_WARN_RANGE_LOOP_ANALYSIS = YES;
				CLANG_WARN_STRICT_PROTOTYPES = YES;
				CLANG_WARN_SUSPICIOUS_MOVE = YES;
				CLANG_WARN_UNGUARDED_AVAILABILITY = YES_AGGRESSIVE;
				CLANG_WARN_UNREACHABLE_CODE = YES;
				CLANG_WARN__DUPLICATE_METHOD_MATCH = YES;
				COPY_PHASE_STRIP = NO;
				DEBUG_INFORMATION_FORMAT = "dwarf-with-dsym";
				ENABLE_NS_ASSERTIONS = NO;
				ENABLE_STRICT_OBJC_MSGSEND = YES;
				GCC_C_LANGUAGE_STANDARD = gnu11;
				GCC_NO_COMMON_BLOCKS = YES;
				GCC_WARN_64_TO_32_BIT_CONVERSION = YES;
				GCC_WARN_ABOUT_RETURN_TYPE = YES_ERROR;
				GCC_WARN_UNDECLARED_SELECTOR = YES;
				GCC_WARN_UNINITIALIZED_AUTOS = YES_AGGRESSIVE;
				GCC_WARN_UNUSED_FUNCTION = YES;
				GCC_WARN_UNUSED_VARIABLE = YES;
				IPHONEOS_DEPLOYMENT_TARGET = 14.0;
				MTL_ENABLE_DEBUG_INFO = NO;
				MTL_FAST_MATH = YES;
				SDKROOT = iphoneos;
				SWIFT_COMPILATION_MODE = wholemodule;
				SWIFT_OPTIMIZATION_LEVEL = "-O";
				VALIDATE_PRODUCT = YES;
			};
			name = Release;
		};
		255305BE2528CBB9001CC72E /* Debug */ = {
			isa = XCBuildConfiguration;
			buildSettings = {
				ASSETCATALOG_COMPILER_APPICON_NAME = AppIcon;
				ASSETCATALOG_COMPILER_GLOBAL_ACCENT_COLOR_NAME = AccentColor;
				CODE_SIGN_STYLE = Automatic;
				DEVELOPMENT_TEAM = J9KY5Z2V8M;
				INFOPLIST_FILE = TerminalTest/Info.plist;
				LD_RUNPATH_SEARCH_PATHS = (
					"$(inherited)",
					"@executable_path/Frameworks",
				);
				PRODUCT_BUNDLE_IDENTIFIER = com.karthik.TerminalTest;
				PRODUCT_NAME = "$(TARGET_NAME)";
				SWIFT_VERSION = 5.0;
				TARGETED_DEVICE_FAMILY = "1,2";
			};
			name = Debug;
		};
		255305BF2528CBB9001CC72E /* Release */ = {
			isa = XCBuildConfiguration;
			buildSettings = {
				ASSETCATALOG_COMPILER_APPICON_NAME = AppIcon;
				ASSETCATALOG_COMPILER_GLOBAL_ACCENT_COLOR_NAME = AccentColor;
				CODE_SIGN_STYLE = Automatic;
				DEVELOPMENT_TEAM = J9KY5Z2V8M;
				INFOPLIST_FILE = TerminalTest/Info.plist;
				LD_RUNPATH_SEARCH_PATHS = (
					"$(inherited)",
					"@executable_path/Frameworks",
				);
				PRODUCT_BUNDLE_IDENTIFIER = com.karthik.TerminalTest;
				PRODUCT_NAME = "$(TARGET_NAME)";
				SWIFT_VERSION = 5.0;
				TARGETED_DEVICE_FAMILY = "1,2";
			};
			name = Release;
		};
/* End XCBuildConfiguration section */

/* Begin XCConfigurationList section */
		2506E0832528D90D001AD9AD /* Build configuration list for PBXNativeTarget "TerminalTestTests" */ = {
			isa = XCConfigurationList;
			buildConfigurations = (
				2506E0812528D90D001AD9AD /* Debug */,
				2506E0822528D90D001AD9AD /* Release */,
			);
			defaultConfigurationIsVisible = 0;
			defaultConfigurationName = Release;
		};
		255305A42528CBB8001CC72E /* Build configuration list for PBXProject "TerminalTest" */ = {
			isa = XCConfigurationList;
			buildConfigurations = (
				255305BB2528CBB9001CC72E /* Debug */,
				255305BC2528CBB9001CC72E /* Release */,
			);
			defaultConfigurationIsVisible = 0;
			defaultConfigurationName = Release;
		};
		255305BD2528CBB9001CC72E /* Build configuration list for PBXNativeTarget "TerminalTest" */ = {
			isa = XCConfigurationList;
			buildConfigurations = (
				255305BE2528CBB9001CC72E /* Debug */,
				255305BF2528CBB9001CC72E /* Release */,
			);
			defaultConfigurationIsVisible = 0;
			defaultConfigurationName = Release;
		};
/* End XCConfigurationList section */
	};
	rootObject = 255305A12528CBB8001CC72E /* Project object */;
}
